
Microsoft Visual Studio Solution File, Format Version 12.00
# Visual Studio Version 16
VisualStudioVersion = 16.0.29613.14
MinimumVisualStudioVersion = 10.0.40219.1
Project("{9A19103F-16F7-4668-BE54-9A1E7A4F7556}") = "Arqanore", "Arqanore.csproj", "{94846262-94E3-4B03-8430-E80763B9764D}"
EndProject
Global
	GlobalSection(SolutionConfigurationPlatforms) = preSolution
		Debug|Any CPU = Debug|Any CPU
		Release|Any CPU = Release|Any CPU
	EndGlobalSection
	GlobalSection(ProjectConfigurationPlatforms) = postSolution
		{94846262-94E3-4B03-8430-E80763B9764D}.Debug|Any CPU.ActiveCfg = Debug|Any CPU
		{94846262-94E3-4B03-8430-E80763B9764D}.Debug|Any CPU.Build.0 = Debug|Any CPU
		{94846262-94E3-4B03-8430-E80763B9764D}.Release|Any CPU.ActiveCfg = Release|Any CPU
		{94846262-94E3-4B03-8430-E80763B9764D}.Release|Any CPU.Build.0 = Release|Any CPU
	EndGlobalSection
	GlobalSection(SolutionProperties) = preSolution
		HideSolutionNode = FALSE
	EndGlobalSection
	GlobalSection(ExtensibilityGlobals) = postSolution
		SolutionGuid = {A7E042D3-6DCA-46E0-A8EA-79E0A1C874FC}
	EndGlobalSection
EndGlobal
