
Microsoft Visual Studio Solution File, Format Version 12.00
# Visual Studio Version 16
VisualStudioVersion = 16.0.30621.155
MinimumVisualStudioVersion = 15.0.26124.0
Project("{9A19103F-16F7-4668-BE54-9A1E7A4F7556}") = "Arqanore", "Arqanore\Arqanore.csproj", "{6A19FE65-5744-40DD-9EAB-2B3135D418A0}"
EndProject
Project("{9A19103F-16F7-4668-BE54-9A1E7A4F7556}") = "Arqanore.FontGenerator", "Arqanore.FontGenerator\Arqanore.FontGenerator.csproj", "{DCDF77BE-22AA-4E30-AB1D-DDCB5447E940}"
EndProject
Project("{9A19103F-16F7-4668-BE54-9A1E7A4F7556}") = "Arqanore.TexGenerator", "Arqanore.TexGenerator\Arqanore.TexGenerator.csproj", "{A31D85C9-F6F9-4396-B4BC-0C79A7D2B43C}"
EndProject
Project("{9A19103F-16F7-4668-BE54-9A1E7A4F7556}") = "Arqanore.Examples.Pong", "Arqanore.Examples.Pong\Arqanore.Examples.Pong.csproj", "{8A3771F6-A4E6-47F2-B38F-2DC2E139BE5D}"
EndProject
Global
	GlobalSection(SolutionConfigurationPlatforms) = preSolution
		x64|Any CPU = x64|Any CPU
		x86|Any CPU = x86|Any CPU
	EndGlobalSection
	GlobalSection(ProjectConfigurationPlatforms) = postSolution
		{6A19FE65-5744-40DD-9EAB-2B3135D418A0}.x64|Any CPU.ActiveCfg = x64|Any CPU
		{6A19FE65-5744-40DD-9EAB-2B3135D418A0}.x64|Any CPU.Build.0 = x64|Any CPU
		{6A19FE65-5744-40DD-9EAB-2B3135D418A0}.x86|Any CPU.ActiveCfg = x86|Any CPU
		{6A19FE65-5744-40DD-9EAB-2B3135D418A0}.x86|Any CPU.Build.0 = x86|Any CPU
		{DCDF77BE-22AA-4E30-AB1D-DDCB5447E940}.x64|Any CPU.ActiveCfg = x64|Any CPU
		{DCDF77BE-22AA-4E30-AB1D-DDCB5447E940}.x64|Any CPU.Build.0 = x64|Any CPU
		{DCDF77BE-22AA-4E30-AB1D-DDCB5447E940}.x86|Any CPU.ActiveCfg = x86|Any CPU
		{DCDF77BE-22AA-4E30-AB1D-DDCB5447E940}.x86|Any CPU.Build.0 = x86|Any CPU
		{A31D85C9-F6F9-4396-B4BC-0C79A7D2B43C}.x64|Any CPU.ActiveCfg = x64|Any CPU
		{A31D85C9-F6F9-4396-B4BC-0C79A7D2B43C}.x64|Any CPU.Build.0 = x64|Any CPU
		{A31D85C9-F6F9-4396-B4BC-0C79A7D2B43C}.x86|Any CPU.ActiveCfg = x86|Any CPU
		{A31D85C9-F6F9-4396-B4BC-0C79A7D2B43C}.x86|Any CPU.Build.0 = x86|Any CPU
		{8A3771F6-A4E6-47F2-B38F-2DC2E139BE5D}.x64|Any CPU.ActiveCfg = x64|Any CPU
		{8A3771F6-A4E6-47F2-B38F-2DC2E139BE5D}.x64|Any CPU.Build.0 = x64|Any CPU
		{8A3771F6-A4E6-47F2-B38F-2DC2E139BE5D}.x86|Any CPU.ActiveCfg = Release|Any CPU
		{8A3771F6-A4E6-47F2-B38F-2DC2E139BE5D}.x86|Any CPU.Build.0 = Release|Any CPU
	EndGlobalSection
	GlobalSection(SolutionProperties) = preSolution
		HideSolutionNode = FALSE
	EndGlobalSection
	GlobalSection(ExtensibilityGlobals) = postSolution
		SolutionGuid = {DFF91012-130F-4BD5-A913-8DBCD5D0B14C}
	EndGlobalSection
EndGlobal
